// !$*UTF8*$!
{
	archiveVersion = 1;
	classes = {
	};
	objectVersion = 51;
	objects = {

/* Begin PBXBuildFile section */
		0A013D6923AE8A2D00838A21 /* HomeViewController.swift in Sources */ = {isa = PBXBuildFile; fileRef = 0A013D6823AE8A2D00838A21 /* HomeViewController.swift */; };
		0A013D6B23AE8AA500838A21 /* DiscoverViewController.swift in Sources */ = {isa = PBXBuildFile; fileRef = 0A013D6A23AE8AA500838A21 /* DiscoverViewController.swift */; };
		0A013D6D23AE8AEA00838A21 /* CameraViewController.swift in Sources */ = {isa = PBXBuildFile; fileRef = 0A013D6C23AE8AEA00838A21 /* CameraViewController.swift */; };
		0A013D6F23AE8B9B00838A21 /* ActivityViewController.swift in Sources */ = {isa = PBXBuildFile; fileRef = 0A013D6E23AE8B9B00838A21 /* ActivityViewController.swift */; };
		0A013D7123AE8BCA00838A21 /* ProfileViewController.swift in Sources */ = {isa = PBXBuildFile; fileRef = 0A013D7023AE8BCA00838A21 /* ProfileViewController.swift */; };
		0A013D7423B7C26200838A21 /* Home.storyboard in Resources */ = {isa = PBXBuildFile; fileRef = 0A013D7223B7C26200838A21 /* Home.storyboard */; };
		0A013D7623B7D0AF00838A21 /* Feeds.storyboard in Resources */ = {isa = PBXBuildFile; fileRef = 0A013D7523B7D0AF00838A21 /* Feeds.storyboard */; };
		0A04376E23C511F70099F3C7 /* PostApi.swift in Sources */ = {isa = PBXBuildFile; fileRef = 0A04376D23C511F70099F3C7 /* PostApi.swift */; };
		0A04377023C516260099F3C7 /* UserApi.swift in Sources */ = {isa = PBXBuildFile; fileRef = 0A04376F23C516260099F3C7 /* UserApi.swift */; };
		0A04377223C518F20099F3C7 /* Api.swift in Sources */ = {isa = PBXBuildFile; fileRef = 0A04377123C518F20099F3C7 /* Api.swift */; };
		0A04377423C519750099F3C7 /* CommentApi.swift in Sources */ = {isa = PBXBuildFile; fileRef = 0A04377323C519750099F3C7 /* CommentApi.swift */; };
		0A08696E23CDF24E005FA46E /* PeopleViewController.swift in Sources */ = {isa = PBXBuildFile; fileRef = 0A08696D23CDF24E005FA46E /* PeopleViewController.swift */; };
		0A08697023CDF2BB005FA46E /* PeopleTableViewCell.swift in Sources */ = {isa = PBXBuildFile; fileRef = 0A08696F23CDF2BB005FA46E /* PeopleTableViewCell.swift */; };
		0A0DC0A723D5C9A800E14916 /* FilterViewController.swift in Sources */ = {isa = PBXBuildFile; fileRef = 0A0DC0A623D5C9A800E14916 /* FilterViewController.swift */; };
		0A0DC0A923D5D2F300E14916 /* FilterCollectionViewCell.swift in Sources */ = {isa = PBXBuildFile; fileRef = 0A0DC0A823D5D2F300E14916 /* FilterCollectionViewCell.swift */; };
		0A1E3EF823C39E71001B09B0 /* User.swift in Sources */ = {isa = PBXBuildFile; fileRef = 0A1E3EF723C39E71001B09B0 /* User.swift */; };
		0A1E3EFA23C3CFCA001B09B0 /* CommentViewController.swift in Sources */ = {isa = PBXBuildFile; fileRef = 0A1E3EF923C3CFCA001B09B0 /* CommentViewController.swift */; };
		0A1E3EFC23C3D001001B09B0 /* CommentTableViewCell.swift in Sources */ = {isa = PBXBuildFile; fileRef = 0A1E3EFB23C3D001001B09B0 /* CommentTableViewCell.swift */; };
		0A1E3EFE23C3EE83001B09B0 /* Comment.swift in Sources */ = {isa = PBXBuildFile; fileRef = 0A1E3EFD23C3EE83001B09B0 /* Comment.swift */; };
		0A2D5CBE23B8EA370026F64E /* GoogleService-Info.plist in Resources */ = {isa = PBXBuildFile; fileRef = 0A2D5CBD23B8EA370026F64E /* GoogleService-Info.plist */; };
		0A589F3823C26709000D6C9F /* Post.swift in Sources */ = {isa = PBXBuildFile; fileRef = 0A589F3723C26709000D6C9F /* Post.swift */; };
		0A589F3A23C2982B000D6C9F /* DictionaryCoder.swift in Sources */ = {isa = PBXBuildFile; fileRef = 0A589F3923C2982B000D6C9F /* DictionaryCoder.swift */; };
		0A5EB7A123BE63AE007A1BEF /* AuthService.swift in Sources */ = {isa = PBXBuildFile; fileRef = 0A5EB7A023BE63AE007A1BEF /* AuthService.swift */; };
		0A5EB7A323BE7F3B007A1BEF /* Config.swift in Sources */ = {isa = PBXBuildFile; fileRef = 0A5EB7A223BE7F3B007A1BEF /* Config.swift */; };
		0A63B4E823D075C4001A793B /* ProfileUserViewController.swift in Sources */ = {isa = PBXBuildFile; fileRef = 0A63B4E723D075C4001A793B /* ProfileUserViewController.swift */; };
		0A63B4EA23D0B51B001A793B /* SettingTableViewController.swift in Sources */ = {isa = PBXBuildFile; fileRef = 0A63B4E923D0B51B001A793B /* SettingTableViewController.swift */; };
		0A6B485B23C354BE00FBC41F /* HomeTableViewCell.swift in Sources */ = {isa = PBXBuildFile; fileRef = 0A6B485A23C354BE00FBC41F /* HomeTableViewCell.swift */; };
		0A91A99823B7D4CB00AE21FB /* Discover.storyboard in Resources */ = {isa = PBXBuildFile; fileRef = 0A91A99623B7D4CB00AE21FB /* Discover.storyboard */; };
		0A91A99A23B7D58400AE21FB /* Camera.storyboard in Resources */ = {isa = PBXBuildFile; fileRef = 0A91A99923B7D58400AE21FB /* Camera.storyboard */; };
		0A91A99D23B7D5EB00AE21FB /* Activity.storyboard in Resources */ = {isa = PBXBuildFile; fileRef = 0A91A99B23B7D5EB00AE21FB /* Activity.storyboard */; };
		0A91A99F23B7D64900AE21FB /* Profile.storyboard in Resources */ = {isa = PBXBuildFile; fileRef = 0A91A99E23B7D64900AE21FB /* Profile.storyboard */; };
		0A9FF21623CE2D9600E8739A /* FeedApi.swift in Sources */ = {isa = PBXBuildFile; fileRef = 0A9FF21523CE2D9600E8739A /* FeedApi.swift */; };
		0AAC99FC23A9012200A60A90 /* SignInViewController.swift in Sources */ = {isa = PBXBuildFile; fileRef = 0AAC99FB23A9012200A60A90 /* SignInViewController.swift */; };
		0AAC99FE23A9125D00A60A90 /* SignUpViewController.swift in Sources */ = {isa = PBXBuildFile; fileRef = 0AAC99FD23A9125C00A60A90 /* SignUpViewController.swift */; };
		0AB36E9A23A284D000FE9CD5 /* AppDelegate.swift in Sources */ = {isa = PBXBuildFile; fileRef = 0AB36E9923A284D000FE9CD5 /* AppDelegate.swift */; };
		0AB36E9C23A284D000FE9CD5 /* SceneDelegate.swift in Sources */ = {isa = PBXBuildFile; fileRef = 0AB36E9B23A284D000FE9CD5 /* SceneDelegate.swift */; };
		0AB36EA123A284D000FE9CD5 /* Main.storyboard in Resources */ = {isa = PBXBuildFile; fileRef = 0AB36E9F23A284D000FE9CD5 /* Main.storyboard */; };
		0AB36EA323A284D200FE9CD5 /* Assets.xcassets in Resources */ = {isa = PBXBuildFile; fileRef = 0AB36EA223A284D200FE9CD5 /* Assets.xcassets */; };
		0AB36EA623A284D200FE9CD5 /* LaunchScreen.storyboard in Resources */ = {isa = PBXBuildFile; fileRef = 0AB36EA423A284D200FE9CD5 /* LaunchScreen.storyboard */; };
		0AB36EB123A284D200FE9CD5 /* InstAKTests.swift in Sources */ = {isa = PBXBuildFile; fileRef = 0AB36EB023A284D200FE9CD5 /* InstAKTests.swift */; };
		0AB36EBC23A284D200FE9CD5 /* InstAKUITests.swift in Sources */ = {isa = PBXBuildFile; fileRef = 0AB36EBB23A284D200FE9CD5 /* InstAKUITests.swift */; };
		0AD5FA5F23D4D25400435562 /* DetailViewController.swift in Sources */ = {isa = PBXBuildFile; fileRef = 0AD5FA5E23D4D25400435562 /* DetailViewController.swift */; };
		0AE13C8523CE588100D53554 /* SearchViewController.swift in Sources */ = {isa = PBXBuildFile; fileRef = 0AE13C8423CE588100D53554 /* SearchViewController.swift */; };
		0AE2931623C79E7300803787 /* Listener.swift in Sources */ = {isa = PBXBuildFile; fileRef = 0AE2931523C79E7300803787 /* Listener.swift */; };
		0AE2931823C7A61300803787 /* StorageService.swift in Sources */ = {isa = PBXBuildFile; fileRef = 0AE2931723C7A61300803787 /* StorageService.swift */; };
		0AE38D1023D629F000BA0D2B /* ActivityTableViewCell.swift in Sources */ = {isa = PBXBuildFile; fileRef = 0AE38D0F23D629F000BA0D2B /* ActivityTableViewCell.swift */; };
		0AE6E3D523CE008A00D7FECD /* FollowApi.swift in Sources */ = {isa = PBXBuildFile; fileRef = 0AE6E3D423CE008A00D7FECD /* FollowApi.swift */; };
		0AF562DA23D62EEE005FAC60 /* NotificationApi.swift in Sources */ = {isa = PBXBuildFile; fileRef = 0AF562D923D62EEE005FAC60 /* NotificationApi.swift */; };
		0AF562DC23D631D3005FAC60 /* Notification.swift in Sources */ = {isa = PBXBuildFile; fileRef = 0AF562DB23D631D3005FAC60 /* Notification.swift */; };
		0AF790BF23CCE77A0062CA22 /* HeaderProfileCollectionReusableView.swift in Sources */ = {isa = PBXBuildFile; fileRef = 0AF790BE23CCE77A0062CA22 /* HeaderProfileCollectionReusableView.swift */; };
		0AF790C123CCF9850062CA22 /* MyPostsApi.swift in Sources */ = {isa = PBXBuildFile; fileRef = 0AF790C023CCF9850062CA22 /* MyPostsApi.swift */; };
		0AF790C323CD12D50062CA22 /* PhotoCollectionViewCell.swift in Sources */ = {isa = PBXBuildFile; fileRef = 0AF790C223CD12D50062CA22 /* PhotoCollectionViewCell.swift */; };
		2B7E0EB90A506F2C83BC936B /* Pods_InstAKTests.framework in Frameworks */ = {isa = PBXBuildFile; fileRef = 8BCF3AD1280E28BA8963CC9E /* Pods_InstAKTests.framework */; };
		9C9C0BC70CD679B9BBD55E5C /* Pods_InstAK.framework in Frameworks */ = {isa = PBXBuildFile; fileRef = 89F73B0B6C58F58C12002C89 /* Pods_InstAK.framework */; };
		EE9BACB70FEF145FBC8A9D43 /* Pods_InstAK_InstAKUITests.framework in Frameworks */ = {isa = PBXBuildFile; fileRef = 296F1532656435728A7D308D /* Pods_InstAK_InstAKUITests.framework */; };
/* End PBXBuildFile section */

/* Begin PBXContainerItemProxy section */
		0AB36EAD23A284D200FE9CD5 /* PBXContainerItemProxy */ = {
			isa = PBXContainerItemProxy;
			containerPortal = 0AB36E8E23A284D000FE9CD5 /* Project object */;
			proxyType = 1;
			remoteGlobalIDString = 0AB36E9523A284D000FE9CD5;
			remoteInfo = InstAK;
		};
		0AB36EB823A284D200FE9CD5 /* PBXContainerItemProxy */ = {
			isa = PBXContainerItemProxy;
			containerPortal = 0AB36E8E23A284D000FE9CD5 /* Project object */;
			proxyType = 1;
			remoteGlobalIDString = 0AB36E9523A284D000FE9CD5;
			remoteInfo = InstAK;
		};
/* End PBXContainerItemProxy section */

/* Begin PBXFileReference section */
		062ED9236A294BC16A9C0BC0 /* Pods-InstAKTests.debug.xcconfig */ = {isa = PBXFileReference; includeInIndex = 1; lastKnownFileType = text.xcconfig; name = "Pods-InstAKTests.debug.xcconfig"; path = "Target Support Files/Pods-InstAKTests/Pods-InstAKTests.debug.xcconfig"; sourceTree = "<group>"; };
		0A013D6823AE8A2D00838A21 /* HomeViewController.swift */ = {isa = PBXFileReference; lastKnownFileType = sourcecode.swift; path = HomeViewController.swift; sourceTree = "<group>"; };
		0A013D6A23AE8AA500838A21 /* DiscoverViewController.swift */ = {isa = PBXFileReference; lastKnownFileType = sourcecode.swift; path = DiscoverViewController.swift; sourceTree = "<group>"; };
		0A013D6C23AE8AEA00838A21 /* CameraViewController.swift */ = {isa = PBXFileReference; lastKnownFileType = sourcecode.swift; path = CameraViewController.swift; sourceTree = "<group>"; };
		0A013D6E23AE8B9B00838A21 /* ActivityViewController.swift */ = {isa = PBXFileReference; lastKnownFileType = sourcecode.swift; path = ActivityViewController.swift; sourceTree = "<group>"; };
		0A013D7023AE8BCA00838A21 /* ProfileViewController.swift */ = {isa = PBXFileReference; lastKnownFileType = sourcecode.swift; path = ProfileViewController.swift; sourceTree = "<group>"; };
		0A013D7323B7C26200838A21 /* Base */ = {isa = PBXFileReference; lastKnownFileType = file.storyboard; name = Base; path = InstAK/Base.lproj/Home.storyboard; sourceTree = "<group>"; };
		0A013D7523B7D0AF00838A21 /* Feeds.storyboard */ = {isa = PBXFileReference; fileEncoding = 4; lastKnownFileType = file.storyboard; path = Feeds.storyboard; sourceTree = "<group>"; };
		0A04376D23C511F70099F3C7 /* PostApi.swift */ = {isa = PBXFileReference; lastKnownFileType = sourcecode.swift; path = PostApi.swift; sourceTree = "<group>"; };
		0A04376F23C516260099F3C7 /* UserApi.swift */ = {isa = PBXFileReference; lastKnownFileType = sourcecode.swift; path = UserApi.swift; sourceTree = "<group>"; };
		0A04377123C518F20099F3C7 /* Api.swift */ = {isa = PBXFileReference; lastKnownFileType = sourcecode.swift; path = Api.swift; sourceTree = "<group>"; };
		0A04377323C519750099F3C7 /* CommentApi.swift */ = {isa = PBXFileReference; lastKnownFileType = sourcecode.swift; path = CommentApi.swift; sourceTree = "<group>"; };
		0A08696D23CDF24E005FA46E /* PeopleViewController.swift */ = {isa = PBXFileReference; lastKnownFileType = sourcecode.swift; path = PeopleViewController.swift; sourceTree = "<group>"; };
		0A08696F23CDF2BB005FA46E /* PeopleTableViewCell.swift */ = {isa = PBXFileReference; lastKnownFileType = sourcecode.swift; path = PeopleTableViewCell.swift; sourceTree = "<group>"; };
		0A0DC0A623D5C9A800E14916 /* FilterViewController.swift */ = {isa = PBXFileReference; lastKnownFileType = sourcecode.swift; path = FilterViewController.swift; sourceTree = "<group>"; };
		0A0DC0A823D5D2F300E14916 /* FilterCollectionViewCell.swift */ = {isa = PBXFileReference; lastKnownFileType = sourcecode.swift; path = FilterCollectionViewCell.swift; sourceTree = "<group>"; };
		0A1E3EF723C39E71001B09B0 /* User.swift */ = {isa = PBXFileReference; lastKnownFileType = sourcecode.swift; path = User.swift; sourceTree = "<group>"; };
		0A1E3EF923C3CFCA001B09B0 /* CommentViewController.swift */ = {isa = PBXFileReference; lastKnownFileType = sourcecode.swift; path = CommentViewController.swift; sourceTree = "<group>"; };
		0A1E3EFB23C3D001001B09B0 /* CommentTableViewCell.swift */ = {isa = PBXFileReference; lastKnownFileType = sourcecode.swift; path = CommentTableViewCell.swift; sourceTree = "<group>"; };
		0A1E3EFD23C3EE83001B09B0 /* Comment.swift */ = {isa = PBXFileReference; lastKnownFileType = sourcecode.swift; path = Comment.swift; sourceTree = "<group>"; };
		0A2D5CBD23B8EA370026F64E /* GoogleService-Info.plist */ = {isa = PBXFileReference; fileEncoding = 4; lastKnownFileType = text.plist.xml; path = "GoogleService-Info.plist"; sourceTree = "<group>"; };
		0A589F3223C0ED0C000D6C9F /* InstAK-Bridging-Header.h */ = {isa = PBXFileReference; lastKnownFileType = sourcecode.c.h; path = "InstAK-Bridging-Header.h"; sourceTree = "<group>"; };
		0A589F3723C26709000D6C9F /* Post.swift */ = {isa = PBXFileReference; lastKnownFileType = sourcecode.swift; path = Post.swift; sourceTree = "<group>"; };
		0A589F3923C2982B000D6C9F /* DictionaryCoder.swift */ = {isa = PBXFileReference; lastKnownFileType = sourcecode.swift; path = DictionaryCoder.swift; sourceTree = "<group>"; };
		0A5EB7A023BE63AE007A1BEF /* AuthService.swift */ = {isa = PBXFileReference; lastKnownFileType = sourcecode.swift; path = AuthService.swift; sourceTree = "<group>"; };
		0A5EB7A223BE7F3B007A1BEF /* Config.swift */ = {isa = PBXFileReference; lastKnownFileType = sourcecode.swift; path = Config.swift; sourceTree = "<group>"; };
		0A63B4E723D075C4001A793B /* ProfileUserViewController.swift */ = {isa = PBXFileReference; lastKnownFileType = sourcecode.swift; path = ProfileUserViewController.swift; sourceTree = "<group>"; };
		0A63B4E923D0B51B001A793B /* SettingTableViewController.swift */ = {isa = PBXFileReference; lastKnownFileType = sourcecode.swift; path = SettingTableViewController.swift; sourceTree = "<group>"; };
		0A6B485A23C354BE00FBC41F /* HomeTableViewCell.swift */ = {isa = PBXFileReference; lastKnownFileType = sourcecode.swift; path = HomeTableViewCell.swift; sourceTree = "<group>"; };
		0A91A99723B7D4CB00AE21FB /* Base */ = {isa = PBXFileReference; lastKnownFileType = file.storyboard; name = Base; path = InstAK/InstAK/Base.lproj/Discover.storyboard; sourceTree = "<group>"; };
		0A91A99923B7D58400AE21FB /* Camera.storyboard */ = {isa = PBXFileReference; fileEncoding = 4; lastKnownFileType = file.storyboard; path = Camera.storyboard; sourceTree = "<group>"; };
		0A91A99C23B7D5EB00AE21FB /* Base */ = {isa = PBXFileReference; lastKnownFileType = file.storyboard; name = Base; path = InstAK/InstAK/Base.lproj/Activity.storyboard; sourceTree = "<group>"; };
		0A91A99E23B7D64900AE21FB /* Profile.storyboard */ = {isa = PBXFileReference; fileEncoding = 4; lastKnownFileType = file.storyboard; path = Profile.storyboard; sourceTree = "<group>"; };
		0A9FF21523CE2D9600E8739A /* FeedApi.swift */ = {isa = PBXFileReference; lastKnownFileType = sourcecode.swift; name = FeedApi.swift; path = /Users/alonkoren/Desktop/InstAK/InstAK/FeedApi.swift; sourceTree = "<absolute>"; };
		0AAC99FB23A9012200A60A90 /* SignInViewController.swift */ = {isa = PBXFileReference; lastKnownFileType = sourcecode.swift; path = SignInViewController.swift; sourceTree = "<group>"; };
		0AAC99FD23A9125C00A60A90 /* SignUpViewController.swift */ = {isa = PBXFileReference; lastKnownFileType = sourcecode.swift; path = SignUpViewController.swift; sourceTree = "<group>"; };
		0AB36E9623A284D000FE9CD5 /* InstAK.app */ = {isa = PBXFileReference; explicitFileType = wrapper.application; includeInIndex = 0; path = InstAK.app; sourceTree = BUILT_PRODUCTS_DIR; };
		0AB36E9923A284D000FE9CD5 /* AppDelegate.swift */ = {isa = PBXFileReference; lastKnownFileType = sourcecode.swift; path = AppDelegate.swift; sourceTree = "<group>"; };
		0AB36E9B23A284D000FE9CD5 /* SceneDelegate.swift */ = {isa = PBXFileReference; lastKnownFileType = sourcecode.swift; path = SceneDelegate.swift; sourceTree = "<group>"; };
		0AB36EA023A284D000FE9CD5 /* Base */ = {isa = PBXFileReference; lastKnownFileType = file.storyboard; name = Base; path = Base.lproj/Main.storyboard; sourceTree = "<group>"; };
		0AB36EA223A284D200FE9CD5 /* Assets.xcassets */ = {isa = PBXFileReference; lastKnownFileType = folder.assetcatalog; path = Assets.xcassets; sourceTree = "<group>"; };
		0AB36EA523A284D200FE9CD5 /* Base */ = {isa = PBXFileReference; lastKnownFileType = file.storyboard; name = Base; path = Base.lproj/LaunchScreen.storyboard; sourceTree = "<group>"; };
		0AB36EA723A284D200FE9CD5 /* Info.plist */ = {isa = PBXFileReference; lastKnownFileType = text.plist.xml; path = Info.plist; sourceTree = "<group>"; };
		0AB36EAC23A284D200FE9CD5 /* InstAKTests.xctest */ = {isa = PBXFileReference; explicitFileType = wrapper.cfbundle; includeInIndex = 0; path = InstAKTests.xctest; sourceTree = BUILT_PRODUCTS_DIR; };
		0AB36EB023A284D200FE9CD5 /* InstAKTests.swift */ = {isa = PBXFileReference; lastKnownFileType = sourcecode.swift; path = InstAKTests.swift; sourceTree = "<group>"; };
		0AB36EB223A284D200FE9CD5 /* Info.plist */ = {isa = PBXFileReference; lastKnownFileType = text.plist.xml; path = Info.plist; sourceTree = "<group>"; };
		0AB36EB723A284D200FE9CD5 /* InstAKUITests.xctest */ = {isa = PBXFileReference; explicitFileType = wrapper.cfbundle; includeInIndex = 0; path = InstAKUITests.xctest; sourceTree = BUILT_PRODUCTS_DIR; };
		0AB36EBB23A284D200FE9CD5 /* InstAKUITests.swift */ = {isa = PBXFileReference; lastKnownFileType = sourcecode.swift; path = InstAKUITests.swift; sourceTree = "<group>"; };
		0AB36EBD23A284D200FE9CD5 /* Info.plist */ = {isa = PBXFileReference; lastKnownFileType = text.plist.xml; path = Info.plist; sourceTree = "<group>"; };
		0AD5FA5E23D4D25400435562 /* DetailViewController.swift */ = {isa = PBXFileReference; lastKnownFileType = sourcecode.swift; path = DetailViewController.swift; sourceTree = "<group>"; };
		0AE13C8423CE588100D53554 /* SearchViewController.swift */ = {isa = PBXFileReference; lastKnownFileType = sourcecode.swift; path = SearchViewController.swift; sourceTree = "<group>"; };
		0AE2931523C79E7300803787 /* Listener.swift */ = {isa = PBXFileReference; lastKnownFileType = sourcecode.swift; path = Listener.swift; sourceTree = "<group>"; };
		0AE2931723C7A61300803787 /* StorageService.swift */ = {isa = PBXFileReference; lastKnownFileType = sourcecode.swift; path = StorageService.swift; sourceTree = "<group>"; };
		0AE38D0F23D629F000BA0D2B /* ActivityTableViewCell.swift */ = {isa = PBXFileReference; lastKnownFileType = sourcecode.swift; path = ActivityTableViewCell.swift; sourceTree = "<group>"; };
		0AE6E3D423CE008A00D7FECD /* FollowApi.swift */ = {isa = PBXFileReference; lastKnownFileType = sourcecode.swift; path = FollowApi.swift; sourceTree = "<group>"; };
		0AF562D923D62EEE005FAC60 /* NotificationApi.swift */ = {isa = PBXFileReference; lastKnownFileType = sourcecode.swift; path = NotificationApi.swift; sourceTree = "<group>"; };
		0AF562DB23D631D3005FAC60 /* Notification.swift */ = {isa = PBXFileReference; lastKnownFileType = sourcecode.swift; path = Notification.swift; sourceTree = "<group>"; };
		0AF790BE23CCE77A0062CA22 /* HeaderProfileCollectionReusableView.swift */ = {isa = PBXFileReference; lastKnownFileType = sourcecode.swift; path = HeaderProfileCollectionReusableView.swift; sourceTree = "<group>"; };
		0AF790C023CCF9850062CA22 /* MyPostsApi.swift */ = {isa = PBXFileReference; lastKnownFileType = sourcecode.swift; path = MyPostsApi.swift; sourceTree = "<group>"; };
		0AF790C223CD12D50062CA22 /* PhotoCollectionViewCell.swift */ = {isa = PBXFileReference; lastKnownFileType = sourcecode.swift; path = PhotoCollectionViewCell.swift; sourceTree = "<group>"; };
		296F1532656435728A7D308D /* Pods_InstAK_InstAKUITests.framework */ = {isa = PBXFileReference; explicitFileType = wrapper.framework; includeInIndex = 0; path = Pods_InstAK_InstAKUITests.framework; sourceTree = BUILT_PRODUCTS_DIR; };
		338B8FA7CA751A543C85690E /* Pods-InstAK.debug.xcconfig */ = {isa = PBXFileReference; includeInIndex = 1; lastKnownFileType = text.xcconfig; name = "Pods-InstAK.debug.xcconfig"; path = "Target Support Files/Pods-InstAK/Pods-InstAK.debug.xcconfig"; sourceTree = "<group>"; };
		3D44D232229041E31569C386 /* Pods-InstAK.release.xcconfig */ = {isa = PBXFileReference; includeInIndex = 1; lastKnownFileType = text.xcconfig; name = "Pods-InstAK.release.xcconfig"; path = "Target Support Files/Pods-InstAK/Pods-InstAK.release.xcconfig"; sourceTree = "<group>"; };
		69E3D12D2D803545AE425DD0 /* Pods-InstAK-InstAKUITests.release.xcconfig */ = {isa = PBXFileReference; includeInIndex = 1; lastKnownFileType = text.xcconfig; name = "Pods-InstAK-InstAKUITests.release.xcconfig"; path = "Target Support Files/Pods-InstAK-InstAKUITests/Pods-InstAK-InstAKUITests.release.xcconfig"; sourceTree = "<group>"; };
		89F73B0B6C58F58C12002C89 /* Pods_InstAK.framework */ = {isa = PBXFileReference; explicitFileType = wrapper.framework; includeInIndex = 0; path = Pods_InstAK.framework; sourceTree = BUILT_PRODUCTS_DIR; };
		8BCF3AD1280E28BA8963CC9E /* Pods_InstAKTests.framework */ = {isa = PBXFileReference; explicitFileType = wrapper.framework; includeInIndex = 0; path = Pods_InstAKTests.framework; sourceTree = BUILT_PRODUCTS_DIR; };
		9311C654C2CD11BC03F813AE /* Pods-InstAKTests.release.xcconfig */ = {isa = PBXFileReference; includeInIndex = 1; lastKnownFileType = text.xcconfig; name = "Pods-InstAKTests.release.xcconfig"; path = "Target Support Files/Pods-InstAKTests/Pods-InstAKTests.release.xcconfig"; sourceTree = "<group>"; };
		F308FB403E777F327DA5ADF2 /* Pods-InstAK-InstAKUITests.debug.xcconfig */ = {isa = PBXFileReference; includeInIndex = 1; lastKnownFileType = text.xcconfig; name = "Pods-InstAK-InstAKUITests.debug.xcconfig"; path = "Target Support Files/Pods-InstAK-InstAKUITests/Pods-InstAK-InstAKUITests.debug.xcconfig"; sourceTree = "<group>"; };
/* End PBXFileReference section */

/* Begin PBXFrameworksBuildPhase section */
		0AB36E9323A284D000FE9CD5 /* Frameworks */ = {
			isa = PBXFrameworksBuildPhase;
			buildActionMask = 2147483647;
			files = (
				9C9C0BC70CD679B9BBD55E5C /* Pods_InstAK.framework in Frameworks */,
			);
			runOnlyForDeploymentPostprocessing = 0;
		};
		0AB36EA923A284D200FE9CD5 /* Frameworks */ = {
			isa = PBXFrameworksBuildPhase;
			buildActionMask = 2147483647;
			files = (
				2B7E0EB90A506F2C83BC936B /* Pods_InstAKTests.framework in Frameworks */,
			);
			runOnlyForDeploymentPostprocessing = 0;
		};
		0AB36EB423A284D200FE9CD5 /* Frameworks */ = {
			isa = PBXFrameworksBuildPhase;
			buildActionMask = 2147483647;
			files = (
				EE9BACB70FEF145FBC8A9D43 /* Pods_InstAK_InstAKUITests.framework in Frameworks */,
			);
			runOnlyForDeploymentPostprocessing = 0;
		};
/* End PBXFrameworksBuildPhase section */

/* Begin PBXGroup section */
		0A2D5CBB23B8E2090026F64E /* Storyboards */ = {
			isa = PBXGroup;
			children = (
				0AB36E9F23A284D000FE9CD5 /* Main.storyboard */,
				0A013D7223B7C26200838A21 /* Home.storyboard */,
				0A013D7523B7D0AF00838A21 /* Feeds.storyboard */,
				0A91A99623B7D4CB00AE21FB /* Discover.storyboard */,
				0A91A99923B7D58400AE21FB /* Camera.storyboard */,
				0A91A99B23B7D5EB00AE21FB /* Activity.storyboard */,
				0A91A99E23B7D64900AE21FB /* Profile.storyboard */,
			);
			path = Storyboards;
			sourceTree = "<group>";
		};
		0A2D5CBC23B8E24F0026F64E /* ViewController */ = {
			isa = PBXGroup;
			children = (
				0A013D6E23AE8B9B00838A21 /* ActivityViewController.swift */,
				0A013D6C23AE8AEA00838A21 /* CameraViewController.swift */,
				0A1E3EF923C3CFCA001B09B0 /* CommentViewController.swift */,
				0AD5FA5E23D4D25400435562 /* DetailViewController.swift */,
				0A013D6A23AE8AA500838A21 /* DiscoverViewController.swift */,
				0A013D6823AE8A2D00838A21 /* HomeViewController.swift */,
				0A08696D23CDF24E005FA46E /* PeopleViewController.swift */,
				0A63B4E723D075C4001A793B /* ProfileUserViewController.swift */,
				0A013D7023AE8BCA00838A21 /* ProfileViewController.swift */,
				0AE13C8423CE588100D53554 /* SearchViewController.swift */,
				0A63B4E923D0B51B001A793B /* SettingTableViewController.swift */,
				0AAC99FB23A9012200A60A90 /* SignInViewController.swift */,
				0AAC99FD23A9125C00A60A90 /* SignUpViewController.swift */,
				0A0DC0A623D5C9A800E14916 /* FilterViewController.swift */,
			);
			path = ViewController;
			sourceTree = "<group>";
		};
		0A589F3623C266BD000D6C9F /* Model */ = {
			isa = PBXGroup;
			children = (
				0A1E3EFD23C3EE83001B09B0 /* Comment.swift */,
				0A589F3923C2982B000D6C9F /* DictionaryCoder.swift */,
				0AE2931523C79E7300803787 /* Listener.swift */,
				0A589F3723C26709000D6C9F /* Post.swift */,
				0A1E3EF723C39E71001B09B0 /* User.swift */,
				0AF562DB23D631D3005FAC60 /* Notification.swift */,
			);
			path = Model;
			sourceTree = "<group>";
		};
		0A6B485C23C354E200FBC41F /* Views */ = {
			isa = PBXGroup;
			children = (
				0A1E3EFB23C3D001001B09B0 /* CommentTableViewCell.swift */,
				0AF790BE23CCE77A0062CA22 /* HeaderProfileCollectionReusableView.swift */,
				0A6B485A23C354BE00FBC41F /* HomeTableViewCell.swift */,
				0A08696F23CDF2BB005FA46E /* PeopleTableViewCell.swift */,
				0AF790C223CD12D50062CA22 /* PhotoCollectionViewCell.swift */,
				0A0DC0A823D5D2F300E14916 /* FilterCollectionViewCell.swift */,
				0AE38D0F23D629F000BA0D2B /* ActivityTableViewCell.swift */,
			);
			path = Views;
			sourceTree = "<group>";
		};
		0AB36E8D23A284D000FE9CD5 = {
			isa = PBXGroup;
			children = (
				0AB36E9823A284D000FE9CD5 /* InstAK */,
				0AB36EAF23A284D200FE9CD5 /* InstAKTests */,
				0AB36EBA23A284D200FE9CD5 /* InstAKUITests */,
				0AB36E9723A284D000FE9CD5 /* Products */,
				8DDBB60FFD7A960FD7A92B93 /* Pods */,
				16F1F0BA260FBD37AE0F9F77 /* Frameworks */,
			);
			sourceTree = "<group>";
		};
		0AB36E9723A284D000FE9CD5 /* Products */ = {
			isa = PBXGroup;
			children = (
				0AB36E9623A284D000FE9CD5 /* InstAK.app */,
				0AB36EAC23A284D200FE9CD5 /* InstAKTests.xctest */,
				0AB36EB723A284D200FE9CD5 /* InstAKUITests.xctest */,
			);
			name = Products;
			sourceTree = "<group>";
		};
		0AB36E9823A284D000FE9CD5 /* InstAK */ = {
			isa = PBXGroup;
			children = (
				0AB36E9923A284D000FE9CD5 /* AppDelegate.swift */,
				0A5EB7A023BE63AE007A1BEF /* AuthService.swift */,
				0AE2931723C7A61300803787 /* StorageService.swift */,
				0A04377123C518F20099F3C7 /* Api.swift */,
				0A04376F23C516260099F3C7 /* UserApi.swift */,
				0A04376D23C511F70099F3C7 /* PostApi.swift */,
				0A04377323C519750099F3C7 /* CommentApi.swift */,
				0AF790C023CCF9850062CA22 /* MyPostsApi.swift */,
				0AE6E3D423CE008A00D7FECD /* FollowApi.swift */,
				0A9FF21523CE2D9600E8739A /* FeedApi.swift */,
				0AF562D923D62EEE005FAC60 /* NotificationApi.swift */,
				0A589F3623C266BD000D6C9F /* Model */,
				0A6B485C23C354E200FBC41F /* Views */,
				0A2D5CBC23B8E24F0026F64E /* ViewController */,
				0A2D5CBB23B8E2090026F64E /* Storyboards */,
				0AB36EA223A284D200FE9CD5 /* Assets.xcassets */,
				0AB36EA423A284D200FE9CD5 /* LaunchScreen.storyboard */,
				0AB36EA723A284D200FE9CD5 /* Info.plist */,
				0A2D5CBD23B8EA370026F64E /* GoogleService-Info.plist */,
				0A589F3223C0ED0C000D6C9F /* InstAK-Bridging-Header.h */,
				0A5EB7A223BE7F3B007A1BEF /* Config.swift */,
				0AB36E9B23A284D000FE9CD5 /* SceneDelegate.swift */,
			);
			path = InstAK;
			sourceTree = "<group>";
		};
		0AB36EAF23A284D200FE9CD5 /* InstAKTests */ = {
			isa = PBXGroup;
			children = (
				0AB36EB023A284D200FE9CD5 /* InstAKTests.swift */,
				0AB36EB223A284D200FE9CD5 /* Info.plist */,
			);
			path = InstAKTests;
			sourceTree = "<group>";
		};
		0AB36EBA23A284D200FE9CD5 /* InstAKUITests */ = {
			isa = PBXGroup;
			children = (
				0AB36EBB23A284D200FE9CD5 /* InstAKUITests.swift */,
				0AB36EBD23A284D200FE9CD5 /* Info.plist */,
			);
			path = InstAKUITests;
			sourceTree = "<group>";
		};
		16F1F0BA260FBD37AE0F9F77 /* Frameworks */ = {
			isa = PBXGroup;
			children = (
				89F73B0B6C58F58C12002C89 /* Pods_InstAK.framework */,
				296F1532656435728A7D308D /* Pods_InstAK_InstAKUITests.framework */,
				8BCF3AD1280E28BA8963CC9E /* Pods_InstAKTests.framework */,
			);
			name = Frameworks;
			sourceTree = "<group>";
		};
		8DDBB60FFD7A960FD7A92B93 /* Pods */ = {
			isa = PBXGroup;
			children = (
				338B8FA7CA751A543C85690E /* Pods-InstAK.debug.xcconfig */,
				3D44D232229041E31569C386 /* Pods-InstAK.release.xcconfig */,
				F308FB403E777F327DA5ADF2 /* Pods-InstAK-InstAKUITests.debug.xcconfig */,
				69E3D12D2D803545AE425DD0 /* Pods-InstAK-InstAKUITests.release.xcconfig */,
				062ED9236A294BC16A9C0BC0 /* Pods-InstAKTests.debug.xcconfig */,
				9311C654C2CD11BC03F813AE /* Pods-InstAKTests.release.xcconfig */,
			);
			path = Pods;
			sourceTree = "<group>";
		};
/* End PBXGroup section */

/* Begin PBXNativeTarget section */
		0AB36E9523A284D000FE9CD5 /* InstAK */ = {
			isa = PBXNativeTarget;
			buildConfigurationList = 0AB36EC023A284D200FE9CD5 /* Build configuration list for PBXNativeTarget "InstAK" */;
			buildPhases = (
				92A00F67402180AE253EEE9E /* [CP] Check Pods Manifest.lock */,
				0AB36E9223A284D000FE9CD5 /* Sources */,
				0AB36E9323A284D000FE9CD5 /* Frameworks */,
				0AB36E9423A284D000FE9CD5 /* Resources */,
				CCDF15F87A207ED189A85CB4 /* [CP] Embed Pods Frameworks */,
				AD7C4D4820A3B8EAF3E91C04 /* [CP] Copy Pods Resources */,
			);
			buildRules = (
			);
			dependencies = (
			);
			name = InstAK;
			productName = InstAK;
			productReference = 0AB36E9623A284D000FE9CD5 /* InstAK.app */;
			productType = "com.apple.product-type.application";
		};
		0AB36EAB23A284D200FE9CD5 /* InstAKTests */ = {
			isa = PBXNativeTarget;
			buildConfigurationList = 0AB36EC323A284D200FE9CD5 /* Build configuration list for PBXNativeTarget "InstAKTests" */;
			buildPhases = (
				96D060AC52E7129F2F6C3C3C /* [CP] Check Pods Manifest.lock */,
				0AB36EA823A284D200FE9CD5 /* Sources */,
				0AB36EA923A284D200FE9CD5 /* Frameworks */,
				0AB36EAA23A284D200FE9CD5 /* Resources */,
			);
			buildRules = (
			);
			dependencies = (
				0AB36EAE23A284D200FE9CD5 /* PBXTargetDependency */,
			);
			name = InstAKTests;
			productName = InstAKTests;
			productReference = 0AB36EAC23A284D200FE9CD5 /* InstAKTests.xctest */;
			productType = "com.apple.product-type.bundle.unit-test";
		};
		0AB36EB623A284D200FE9CD5 /* InstAKUITests */ = {
			isa = PBXNativeTarget;
			buildConfigurationList = 0AB36EC623A284D200FE9CD5 /* Build configuration list for PBXNativeTarget "InstAKUITests" */;
			buildPhases = (
				D6B5D600EE9FF6E8A1A313D7 /* [CP] Check Pods Manifest.lock */,
				0AB36EB323A284D200FE9CD5 /* Sources */,
				0AB36EB423A284D200FE9CD5 /* Frameworks */,
				0AB36EB523A284D200FE9CD5 /* Resources */,
				8B19DA2C1B2E96DED66B1DD8 /* [CP] Embed Pods Frameworks */,
				7EA76543C31724CAE152CE47 /* [CP] Copy Pods Resources */,
			);
			buildRules = (
			);
			dependencies = (
				0AB36EB923A284D200FE9CD5 /* PBXTargetDependency */,
			);
			name = InstAKUITests;
			productName = InstAKUITests;
			productReference = 0AB36EB723A284D200FE9CD5 /* InstAKUITests.xctest */;
			productType = "com.apple.product-type.bundle.ui-testing";
		};
/* End PBXNativeTarget section */

/* Begin PBXProject section */
		0AB36E8E23A284D000FE9CD5 /* Project object */ = {
			isa = PBXProject;
			attributes = {
				LastSwiftUpdateCheck = 1130;
				LastUpgradeCheck = 1130;
				ORGANIZATIONNAME = "Alon Koren";
				TargetAttributes = {
					0AB36E9523A284D000FE9CD5 = {
						CreatedOnToolsVersion = 11.3;
						LastSwiftMigration = 1130;
					};
					0AB36EAB23A284D200FE9CD5 = {
						CreatedOnToolsVersion = 11.3;
						TestTargetID = 0AB36E9523A284D000FE9CD5;
					};
					0AB36EB623A284D200FE9CD5 = {
						CreatedOnToolsVersion = 11.3;
						TestTargetID = 0AB36E9523A284D000FE9CD5;
					};
				};
			};
			buildConfigurationList = 0AB36E9123A284D000FE9CD5 /* Build configuration list for PBXProject "InstAK" */;
			compatibilityVersion = "Xcode 9.3";
			developmentRegion = en;
			hasScannedForEncodings = 0;
			knownRegions = (
				en,
				Base,
			);
			mainGroup = 0AB36E8D23A284D000FE9CD5;
			productRefGroup = 0AB36E9723A284D000FE9CD5 /* Products */;
			projectDirPath = "";
			projectRoot = "";
			targets = (
				0AB36E9523A284D000FE9CD5 /* InstAK */,
				0AB36EAB23A284D200FE9CD5 /* InstAKTests */,
				0AB36EB623A284D200FE9CD5 /* InstAKUITests */,
			);
		};
/* End PBXProject section */

/* Begin PBXResourcesBuildPhase section */
		0AB36E9423A284D000FE9CD5 /* Resources */ = {
			isa = PBXResourcesBuildPhase;
			buildActionMask = 2147483647;
			files = (
				0A013D7623B7D0AF00838A21 /* Feeds.storyboard in Resources */,
				0A91A99A23B7D58400AE21FB /* Camera.storyboard in Resources */,
				0AB36EA623A284D200FE9CD5 /* LaunchScreen.storyboard in Resources */,
				0AB36EA323A284D200FE9CD5 /* Assets.xcassets in Resources */,
				0AB36EA123A284D000FE9CD5 /* Main.storyboard in Resources */,
				0A013D7423B7C26200838A21 /* Home.storyboard in Resources */,
				0A91A99F23B7D64900AE21FB /* Profile.storyboard in Resources */,
				0A2D5CBE23B8EA370026F64E /* GoogleService-Info.plist in Resources */,
				0A91A99823B7D4CB00AE21FB /* Discover.storyboard in Resources */,
				0A91A99D23B7D5EB00AE21FB /* Activity.storyboard in Resources */,
			);
			runOnlyForDeploymentPostprocessing = 0;
		};
		0AB36EAA23A284D200FE9CD5 /* Resources */ = {
			isa = PBXResourcesBuildPhase;
			buildActionMask = 2147483647;
			files = (
			);
			runOnlyForDeploymentPostprocessing = 0;
		};
		0AB36EB523A284D200FE9CD5 /* Resources */ = {
			isa = PBXResourcesBuildPhase;
			buildActionMask = 2147483647;
			files = (
			);
			runOnlyForDeploymentPostprocessing = 0;
		};
/* End PBXResourcesBuildPhase section */

/* Begin PBXShellScriptBuildPhase section */
		7EA76543C31724CAE152CE47 /* [CP] Copy Pods Resources */ = {
			isa = PBXShellScriptBuildPhase;
			buildActionMask = 2147483647;
			files = (
			);
			inputFileListPaths = (
				"${PODS_ROOT}/Target Support Files/Pods-InstAK-InstAKUITests/Pods-InstAK-InstAKUITests-resources-${CONFIGURATION}-input-files.xcfilelist",
			);
			name = "[CP] Copy Pods Resources";
			outputFileListPaths = (
				"${PODS_ROOT}/Target Support Files/Pods-InstAK-InstAKUITests/Pods-InstAK-InstAKUITests-resources-${CONFIGURATION}-output-files.xcfilelist",
			);
			runOnlyForDeploymentPostprocessing = 0;
			shellPath = /bin/sh;
			shellScript = "\"${PODS_ROOT}/Target Support Files/Pods-InstAK-InstAKUITests/Pods-InstAK-InstAKUITests-resources.sh\"\n";
			showEnvVarsInLog = 0;
		};
		8B19DA2C1B2E96DED66B1DD8 /* [CP] Embed Pods Frameworks */ = {
			isa = PBXShellScriptBuildPhase;
			buildActionMask = 2147483647;
			files = (
			);
			inputFileListPaths = (
				"${PODS_ROOT}/Target Support Files/Pods-InstAK-InstAKUITests/Pods-InstAK-InstAKUITests-frameworks-${CONFIGURATION}-input-files.xcfilelist",
			);
			name = "[CP] Embed Pods Frameworks";
			outputFileListPaths = (
				"${PODS_ROOT}/Target Support Files/Pods-InstAK-InstAKUITests/Pods-InstAK-InstAKUITests-frameworks-${CONFIGURATION}-output-files.xcfilelist",
			);
			runOnlyForDeploymentPostprocessing = 0;
			shellPath = /bin/sh;
			shellScript = "\"${PODS_ROOT}/Target Support Files/Pods-InstAK-InstAKUITests/Pods-InstAK-InstAKUITests-frameworks.sh\"\n";
			showEnvVarsInLog = 0;
		};
		92A00F67402180AE253EEE9E /* [CP] Check Pods Manifest.lock */ = {
			isa = PBXShellScriptBuildPhase;
			buildActionMask = 2147483647;
			files = (
			);
			inputFileListPaths = (
			);
			inputPaths = (
				"${PODS_PODFILE_DIR_PATH}/Podfile.lock",
				"${PODS_ROOT}/Manifest.lock",
			);
			name = "[CP] Check Pods Manifest.lock";
			outputFileListPaths = (
			);
			outputPaths = (
				"$(DERIVED_FILE_DIR)/Pods-InstAK-checkManifestLockResult.txt",
			);
			runOnlyForDeploymentPostprocessing = 0;
			shellPath = /bin/sh;
			shellScript = "diff \"${PODS_PODFILE_DIR_PATH}/Podfile.lock\" \"${PODS_ROOT}/Manifest.lock\" > /dev/null\nif [ $? != 0 ] ; then\n    # print error to STDERR\n    echo \"error: The sandbox is not in sync with the Podfile.lock. Run 'pod install' or update your CocoaPods installation.\" >&2\n    exit 1\nfi\n# This output is used by Xcode 'outputs' to avoid re-running this script phase.\necho \"SUCCESS\" > \"${SCRIPT_OUTPUT_FILE_0}\"\n";
			showEnvVarsInLog = 0;
		};
		96D060AC52E7129F2F6C3C3C /* [CP] Check Pods Manifest.lock */ = {
			isa = PBXShellScriptBuildPhase;
			buildActionMask = 2147483647;
			files = (
			);
			inputFileListPaths = (
			);
			inputPaths = (
				"${PODS_PODFILE_DIR_PATH}/Podfile.lock",
				"${PODS_ROOT}/Manifest.lock",
			);
			name = "[CP] Check Pods Manifest.lock";
			outputFileListPaths = (
			);
			outputPaths = (
				"$(DERIVED_FILE_DIR)/Pods-InstAKTests-checkManifestLockResult.txt",
			);
			runOnlyForDeploymentPostprocessing = 0;
			shellPath = /bin/sh;
			shellScript = "diff \"${PODS_PODFILE_DIR_PATH}/Podfile.lock\" \"${PODS_ROOT}/Manifest.lock\" > /dev/null\nif [ $? != 0 ] ; then\n    # print error to STDERR\n    echo \"error: The sandbox is not in sync with the Podfile.lock. Run 'pod install' or update your CocoaPods installation.\" >&2\n    exit 1\nfi\n# This output is used by Xcode 'outputs' to avoid re-running this script phase.\necho \"SUCCESS\" > \"${SCRIPT_OUTPUT_FILE_0}\"\n";
			showEnvVarsInLog = 0;
		};
		AD7C4D4820A3B8EAF3E91C04 /* [CP] Copy Pods Resources */ = {
			isa = PBXShellScriptBuildPhase;
			buildActionMask = 2147483647;
			files = (
			);
			inputFileListPaths = (
				"${PODS_ROOT}/Target Support Files/Pods-InstAK/Pods-InstAK-resources-${CONFIGURATION}-input-files.xcfilelist",
			);
			name = "[CP] Copy Pods Resources";
			outputFileListPaths = (
				"${PODS_ROOT}/Target Support Files/Pods-InstAK/Pods-InstAK-resources-${CONFIGURATION}-output-files.xcfilelist",
			);
			runOnlyForDeploymentPostprocessing = 0;
			shellPath = /bin/sh;
			shellScript = "\"${PODS_ROOT}/Target Support Files/Pods-InstAK/Pods-InstAK-resources.sh\"\n";
			showEnvVarsInLog = 0;
		};
		CCDF15F87A207ED189A85CB4 /* [CP] Embed Pods Frameworks */ = {
			isa = PBXShellScriptBuildPhase;
			buildActionMask = 2147483647;
			files = (
			);
			inputFileListPaths = (
				"${PODS_ROOT}/Target Support Files/Pods-InstAK/Pods-InstAK-frameworks-${CONFIGURATION}-input-files.xcfilelist",
			);
			name = "[CP] Embed Pods Frameworks";
			outputFileListPaths = (
				"${PODS_ROOT}/Target Support Files/Pods-InstAK/Pods-InstAK-frameworks-${CONFIGURATION}-output-files.xcfilelist",
			);
			runOnlyForDeploymentPostprocessing = 0;
			shellPath = /bin/sh;
			shellScript = "\"${PODS_ROOT}/Target Support Files/Pods-InstAK/Pods-InstAK-frameworks.sh\"\n";
			showEnvVarsInLog = 0;
		};
		D6B5D600EE9FF6E8A1A313D7 /* [CP] Check Pods Manifest.lock */ = {
			isa = PBXShellScriptBuildPhase;
			buildActionMask = 2147483647;
			files = (
			);
			inputFileListPaths = (
			);
			inputPaths = (
				"${PODS_PODFILE_DIR_PATH}/Podfile.lock",
				"${PODS_ROOT}/Manifest.lock",
			);
			name = "[CP] Check Pods Manifest.lock";
			outputFileListPaths = (
			);
			outputPaths = (
				"$(DERIVED_FILE_DIR)/Pods-InstAK-InstAKUITests-checkManifestLockResult.txt",
			);
			runOnlyForDeploymentPostprocessing = 0;
			shellPath = /bin/sh;
			shellScript = "diff \"${PODS_PODFILE_DIR_PATH}/Podfile.lock\" \"${PODS_ROOT}/Manifest.lock\" > /dev/null\nif [ $? != 0 ] ; then\n    # print error to STDERR\n    echo \"error: The sandbox is not in sync with the Podfile.lock. Run 'pod install' or update your CocoaPods installation.\" >&2\n    exit 1\nfi\n# This output is used by Xcode 'outputs' to avoid re-running this script phase.\necho \"SUCCESS\" > \"${SCRIPT_OUTPUT_FILE_0}\"\n";
			showEnvVarsInLog = 0;
		};
/* End PBXShellScriptBuildPhase section */

/* Begin PBXSourcesBuildPhase section */
		0AB36E9223A284D000FE9CD5 /* Sources */ = {
			isa = PBXSourcesBuildPhase;
			buildActionMask = 2147483647;
			files = (
				0A013D6923AE8A2D00838A21 /* HomeViewController.swift in Sources */,
				0A08696E23CDF24E005FA46E /* PeopleViewController.swift in Sources */,
				0A04377023C516260099F3C7 /* UserApi.swift in Sources */,
				0A08697023CDF2BB005FA46E /* PeopleTableViewCell.swift in Sources */,
				0AB36E9A23A284D000FE9CD5 /* AppDelegate.swift in Sources */,
				0A6B485B23C354BE00FBC41F /* HomeTableViewCell.swift in Sources */,
				0AB36E9C23A284D000FE9CD5 /* SceneDelegate.swift in Sources */,
				0A589F3823C26709000D6C9F /* Post.swift in Sources */,
				0A013D6F23AE8B9B00838A21 /* ActivityViewController.swift in Sources */,
				0A1E3EFC23C3D001001B09B0 /* CommentTableViewCell.swift in Sources */,
				0AE13C8523CE588100D53554 /* SearchViewController.swift in Sources */,
				0A0DC0A923D5D2F300E14916 /* FilterCollectionViewCell.swift in Sources */,
				0AF562DA23D62EEE005FAC60 /* NotificationApi.swift in Sources */,
				0A1E3EFE23C3EE83001B09B0 /* Comment.swift in Sources */,
				0A589F3A23C2982B000D6C9F /* DictionaryCoder.swift in Sources */,
				0A04377423C519750099F3C7 /* CommentApi.swift in Sources */,
				0A5EB7A323BE7F3B007A1BEF /* Config.swift in Sources */,
				0AE38D1023D629F000BA0D2B /* ActivityTableViewCell.swift in Sources */,
				0A63B4E823D075C4001A793B /* ProfileUserViewController.swift in Sources */,
				0A1E3EFA23C3CFCA001B09B0 /* CommentViewController.swift in Sources */,
				0AE2931823C7A61300803787 /* StorageService.swift in Sources */,
				0AF790C323CD12D50062CA22 /* PhotoCollectionViewCell.swift in Sources */,
				0A04377223C518F20099F3C7 /* Api.swift in Sources */,
				0A1E3EF823C39E71001B09B0 /* User.swift in Sources */,
				0A013D6B23AE8AA500838A21 /* DiscoverViewController.swift in Sources */,
				0A013D6D23AE8AEA00838A21 /* CameraViewController.swift in Sources */,
				0AF790C123CCF9850062CA22 /* MyPostsApi.swift in Sources */,
				0A013D7123AE8BCA00838A21 /* ProfileViewController.swift in Sources */,
				0A04376E23C511F70099F3C7 /* PostApi.swift in Sources */,
				0A9FF21623CE2D9600E8739A /* FeedApi.swift in Sources */,
				0AD5FA5F23D4D25400435562 /* DetailViewController.swift in Sources */,
				0AF790BF23CCE77A0062CA22 /* HeaderProfileCollectionReusableView.swift in Sources */,
				0A5EB7A123BE63AE007A1BEF /* AuthService.swift in Sources */,
				0A0DC0A723D5C9A800E14916 /* FilterViewController.swift in Sources */,
				0AE2931623C79E7300803787 /* Listener.swift in Sources */,
				0A63B4EA23D0B51B001A793B /* SettingTableViewController.swift in Sources */,
				0AF562DC23D631D3005FAC60 /* Notification.swift in Sources */,
				0AAC99FE23A9125D00A60A90 /* SignUpViewController.swift in Sources */,
				0AAC99FC23A9012200A60A90 /* SignInViewController.swift in Sources */,
				0AE6E3D523CE008A00D7FECD /* FollowApi.swift in Sources */,
			);
			runOnlyForDeploymentPostprocessing = 0;
		};
		0AB36EA823A284D200FE9CD5 /* Sources */ = {
			isa = PBXSourcesBuildPhase;
			buildActionMask = 2147483647;
			files = (
				0AB36EB123A284D200FE9CD5 /* InstAKTests.swift in Sources */,
			);
			runOnlyForDeploymentPostprocessing = 0;
		};
		0AB36EB323A284D200FE9CD5 /* Sources */ = {
			isa = PBXSourcesBuildPhase;
			buildActionMask = 2147483647;
			files = (
				0AB36EBC23A284D200FE9CD5 /* InstAKUITests.swift in Sources */,
			);
			runOnlyForDeploymentPostprocessing = 0;
		};
/* End PBXSourcesBuildPhase section */

/* Begin PBXTargetDependency section */
		0AB36EAE23A284D200FE9CD5 /* PBXTargetDependency */ = {
			isa = PBXTargetDependency;
			target = 0AB36E9523A284D000FE9CD5 /* InstAK */;
			targetProxy = 0AB36EAD23A284D200FE9CD5 /* PBXContainerItemProxy */;
		};
		0AB36EB923A284D200FE9CD5 /* PBXTargetDependency */ = {
			isa = PBXTargetDependency;
			target = 0AB36E9523A284D000FE9CD5 /* InstAK */;
			targetProxy = 0AB36EB823A284D200FE9CD5 /* PBXContainerItemProxy */;
		};
/* End PBXTargetDependency section */

/* Begin PBXVariantGroup section */
		0A013D7223B7C26200838A21 /* Home.storyboard */ = {
			isa = PBXVariantGroup;
			children = (
				0A013D7323B7C26200838A21 /* Base */,
			);
			name = Home.storyboard;
			sourceTree = "<group>";
		};
		0A91A99623B7D4CB00AE21FB /* Discover.storyboard */ = {
			isa = PBXVariantGroup;
			children = (
				0A91A99723B7D4CB00AE21FB /* Base */,
			);
			name = Discover.storyboard;
			sourceTree = "<group>";
		};
		0A91A99B23B7D5EB00AE21FB /* Activity.storyboard */ = {
			isa = PBXVariantGroup;
			children = (
				0A91A99C23B7D5EB00AE21FB /* Base */,
			);
			name = Activity.storyboard;
			sourceTree = "<group>";
		};
		0AB36E9F23A284D000FE9CD5 /* Main.storyboard */ = {
			isa = PBXVariantGroup;
			children = (
				0AB36EA023A284D000FE9CD5 /* Base */,
			);
			name = Main.storyboard;
			sourceTree = "<group>";
		};
		0AB36EA423A284D200FE9CD5 /* LaunchScreen.storyboard */ = {
			isa = PBXVariantGroup;
			children = (
				0AB36EA523A284D200FE9CD5 /* Base */,
			);
			name = LaunchScreen.storyboard;
			sourceTree = "<group>";
		};
/* End PBXVariantGroup section */

/* Begin XCBuildConfiguration section */
		0AB36EBE23A284D200FE9CD5 /* Debug */ = {
			isa = XCBuildConfiguration;
			buildSettings = {
				ALWAYS_SEARCH_USER_PATHS = NO;
				CLANG_ANALYZER_NONNULL = YES;
				CLANG_ANALYZER_NUMBER_OBJECT_CONVERSION = YES_AGGRESSIVE;
				CLANG_CXX_LANGUAGE_STANDARD = "gnu++14";
				CLANG_CXX_LIBRARY = "libc++";
				CLANG_ENABLE_MODULES = YES;
				CLANG_ENABLE_OBJC_ARC = YES;
				CLANG_ENABLE_OBJC_WEAK = YES;
				CLANG_WARN_BLOCK_CAPTURE_AUTORELEASING = YES;
				CLANG_WARN_BOOL_CONVERSION = YES;
				CLANG_WARN_COMMA = YES;
				CLANG_WARN_CONSTANT_CONVERSION = YES;
				CLANG_WARN_DEPRECATED_OBJC_IMPLEMENTATIONS = YES;
				CLANG_WARN_DIRECT_OBJC_ISA_USAGE = YES_ERROR;
				CLANG_WARN_DOCUMENTATION_COMMENTS = YES;
				CLANG_WARN_EMPTY_BODY = YES;
				CLANG_WARN_ENUM_CONVERSION = YES;
				CLANG_WARN_INFINITE_RECURSION = YES;
				CLANG_WARN_INT_CONVERSION = YES;
				CLANG_WARN_NON_LITERAL_NULL_CONVERSION = YES;
				CLANG_WARN_OBJC_IMPLICIT_RETAIN_SELF = YES;
				CLANG_WARN_OBJC_LITERAL_CONVERSION = YES;
				CLANG_WARN_OBJC_ROOT_CLASS = YES_ERROR;
				CLANG_WARN_RANGE_LOOP_ANALYSIS = YES;
				CLANG_WARN_STRICT_PROTOTYPES = YES;
				CLANG_WARN_SUSPICIOUS_MOVE = YES;
				CLANG_WARN_UNGUARDED_AVAILABILITY = YES_AGGRESSIVE;
				CLANG_WARN_UNREACHABLE_CODE = YES;
				CLANG_WARN__DUPLICATE_METHOD_MATCH = YES;
				COPY_PHASE_STRIP = NO;
				DEBUG_INFORMATION_FORMAT = dwarf;
				ENABLE_STRICT_OBJC_MSGSEND = YES;
				ENABLE_TESTABILITY = YES;
				GCC_C_LANGUAGE_STANDARD = gnu11;
				GCC_DYNAMIC_NO_PIC = NO;
				GCC_NO_COMMON_BLOCKS = YES;
				GCC_OPTIMIZATION_LEVEL = 0;
				GCC_PREPROCESSOR_DEFINITIONS = (
					"DEBUG=1",
					"$(inherited)",
				);
				GCC_WARN_64_TO_32_BIT_CONVERSION = YES;
				GCC_WARN_ABOUT_RETURN_TYPE = YES_ERROR;
				GCC_WARN_UNDECLARED_SELECTOR = YES;
				GCC_WARN_UNINITIALIZED_AUTOS = YES_AGGRESSIVE;
				GCC_WARN_UNUSED_FUNCTION = YES;
				GCC_WARN_UNUSED_VARIABLE = YES;
				IPHONEOS_DEPLOYMENT_TARGET = 13.2;
				MTL_ENABLE_DEBUG_INFO = INCLUDE_SOURCE;
				MTL_FAST_MATH = YES;
				ONLY_ACTIVE_ARCH = YES;
				SDKROOT = iphoneos;
				SWIFT_ACTIVE_COMPILATION_CONDITIONS = DEBUG;
				SWIFT_OPTIMIZATION_LEVEL = "-Onone";
			};
			name = Debug;
		};
		0AB36EBF23A284D200FE9CD5 /* Release */ = {
			isa = XCBuildConfiguration;
			buildSettings = {
				ALWAYS_SEARCH_USER_PATHS = NO;
				CLANG_ANALYZER_NONNULL = YES;
				CLANG_ANALYZER_NUMBER_OBJECT_CONVERSION = YES_AGGRESSIVE;
				CLANG_CXX_LANGUAGE_STANDARD = "gnu++14";
				CLANG_CXX_LIBRARY = "libc++";
				CLANG_ENABLE_MODULES = YES;
				CLANG_ENABLE_OBJC_ARC = YES;
				CLANG_ENABLE_OBJC_WEAK = YES;
				CLANG_WARN_BLOCK_CAPTURE_AUTORELEASING = YES;
				CLANG_WARN_BOOL_CONVERSION = YES;
				CLANG_WARN_COMMA = YES;
				CLANG_WARN_CONSTANT_CONVERSION = YES;
				CLANG_WARN_DEPRECATED_OBJC_IMPLEMENTATIONS = YES;
				CLANG_WARN_DIRECT_OBJC_ISA_USAGE = YES_ERROR;
				CLANG_WARN_DOCUMENTATION_COMMENTS = YES;
				CLANG_WARN_EMPTY_BODY = YES;
				CLANG_WARN_ENUM_CONVERSION = YES;
				CLANG_WARN_INFINITE_RECURSION = YES;
				CLANG_WARN_INT_CONVERSION = YES;
				CLANG_WARN_NON_LITERAL_NULL_CONVERSION = YES;
				CLANG_WARN_OBJC_IMPLICIT_RETAIN_SELF = YES;
				CLANG_WARN_OBJC_LITERAL_CONVERSION = YES;
				CLANG_WARN_OBJC_ROOT_CLASS = YES_ERROR;
				CLANG_WARN_RANGE_LOOP_ANALYSIS = YES;
				CLANG_WARN_STRICT_PROTOTYPES = YES;
				CLANG_WARN_SUSPICIOUS_MOVE = YES;
				CLANG_WARN_UNGUARDED_AVAILABILITY = YES_AGGRESSIVE;
				CLANG_WARN_UNREACHABLE_CODE = YES;
				CLANG_WARN__DUPLICATE_METHOD_MATCH = YES;
				COPY_PHASE_STRIP = NO;
				DEBUG_INFORMATION_FORMAT = "dwarf-with-dsym";
				ENABLE_NS_ASSERTIONS = NO;
				ENABLE_STRICT_OBJC_MSGSEND = YES;
				GCC_C_LANGUAGE_STANDARD = gnu11;
				GCC_NO_COMMON_BLOCKS = YES;
				GCC_WARN_64_TO_32_BIT_CONVERSION = YES;
				GCC_WARN_ABOUT_RETURN_TYPE = YES_ERROR;
				GCC_WARN_UNDECLARED_SELECTOR = YES;
				GCC_WARN_UNINITIALIZED_AUTOS = YES_AGGRESSIVE;
				GCC_WARN_UNUSED_FUNCTION = YES;
				GCC_WARN_UNUSED_VARIABLE = YES;
				IPHONEOS_DEPLOYMENT_TARGET = 13.2;
				MTL_ENABLE_DEBUG_INFO = NO;
				MTL_FAST_MATH = YES;
				SDKROOT = iphoneos;
				SWIFT_COMPILATION_MODE = wholemodule;
				SWIFT_OPTIMIZATION_LEVEL = "-O";
				VALIDATE_PRODUCT = YES;
			};
			name = Release;
		};
		0AB36EC123A284D200FE9CD5 /* Debug */ = {
			isa = XCBuildConfiguration;
			baseConfigurationReference = 338B8FA7CA751A543C85690E /* Pods-InstAK.debug.xcconfig */;
			buildSettings = {
				ASSETCATALOG_COMPILER_APPICON_NAME = AppIcon;
				CLANG_ENABLE_MODULES = YES;
				CODE_SIGN_STYLE = Automatic;
				DEVELOPMENT_TEAM = M725KCJQA7;
				INFOPLIST_FILE = InstAK/Info.plist;
				LD_RUNPATH_SEARCH_PATHS = (
					"$(inherited)",
					"@executable_path/Frameworks",
				);
				PRODUCT_BUNDLE_IDENTIFIER = com.alon.InstAK;
				PRODUCT_NAME = "$(TARGET_NAME)";
				SWIFT_OBJC_BRIDGING_HEADER = "InstAK/InstAK-Bridging-Header.h";
				SWIFT_OPTIMIZATION_LEVEL = "-Onone";
				SWIFT_VERSION = 5.0;
				TARGETED_DEVICE_FAMILY = "1,2";
			};
			name = Debug;
		};
		0AB36EC223A284D200FE9CD5 /* Release */ = {
			isa = XCBuildConfiguration;
			baseConfigurationReference = 3D44D232229041E31569C386 /* Pods-InstAK.release.xcconfig */;
			buildSettings = {
				ASSETCATALOG_COMPILER_APPICON_NAME = AppIcon;
				CLANG_ENABLE_MODULES = YES;
				CODE_SIGN_STYLE = Automatic;
				DEVELOPMENT_TEAM = M725KCJQA7;
				INFOPLIST_FILE = InstAK/Info.plist;
				LD_RUNPATH_SEARCH_PATHS = (
					"$(inherited)",
					"@executable_path/Frameworks",
				);
				PRODUCT_BUNDLE_IDENTIFIER = com.alon.InstAK;
				PRODUCT_NAME = "$(TARGET_NAME)";
				SWIFT_OBJC_BRIDGING_HEADER = "InstAK/InstAK-Bridging-Header.h";
				SWIFT_VERSION = 5.0;
				TARGETED_DEVICE_FAMILY = "1,2";
			};
			name = Release;
		};
		0AB36EC423A284D200FE9CD5 /* Debug */ = {
			isa = XCBuildConfiguration;
			baseConfigurationReference = 062ED9236A294BC16A9C0BC0 /* Pods-InstAKTests.debug.xcconfig */;
			buildSettings = {
				ALWAYS_EMBED_SWIFT_STANDARD_LIBRARIES = YES;
				BUNDLE_LOADER = "$(TEST_HOST)";
				CODE_SIGN_STYLE = Automatic;
				DEVELOPMENT_TEAM = M725KCJQA7;
				INFOPLIST_FILE = InstAKTests/Info.plist;
				IPHONEOS_DEPLOYMENT_TARGET = 13.2;
				LD_RUNPATH_SEARCH_PATHS = (
					"$(inherited)",
					"@executable_path/Frameworks",
					"@loader_path/Frameworks",
				);
				PRODUCT_BUNDLE_IDENTIFIER = com.alon.InstAKTests;
				PRODUCT_NAME = "$(TARGET_NAME)";
				SWIFT_VERSION = 5.0;
				TARGETED_DEVICE_FAMILY = "1,2";
				TEST_HOST = "$(BUILT_PRODUCTS_DIR)/InstAK.app/InstAK";
			};
			name = Debug;
		};
		0AB36EC523A284D200FE9CD5 /* Release */ = {
			isa = XCBuildConfiguration;
			baseConfigurationReference = 9311C654C2CD11BC03F813AE /* Pods-InstAKTests.release.xcconfig */;
			buildSettings = {
				ALWAYS_EMBED_SWIFT_STANDARD_LIBRARIES = YES;
				BUNDLE_LOADER = "$(TEST_HOST)";
				CODE_SIGN_STYLE = Automatic;
				DEVELOPMENT_TEAM = M725KCJQA7;
				INFOPLIST_FILE = InstAKTests/Info.plist;
				IPHONEOS_DEPLOYMENT_TARGET = 13.2;
				LD_RUNPATH_SEARCH_PATHS = (
					"$(inherited)",
					"@executable_path/Frameworks",
					"@loader_path/Frameworks",
				);
				PRODUCT_BUNDLE_IDENTIFIER = com.alon.InstAKTests;
				PRODUCT_NAME = "$(TARGET_NAME)";
				SWIFT_VERSION = 5.0;
				TARGETED_DEVICE_FAMILY = "1,2";
				TEST_HOST = "$(BUILT_PRODUCTS_DIR)/InstAK.app/InstAK";
			};
			name = Release;
		};
		0AB36EC723A284D200FE9CD5 /* Debug */ = {
			isa = XCBuildConfiguration;
			baseConfigurationReference = F308FB403E777F327DA5ADF2 /* Pods-InstAK-InstAKUITests.debug.xcconfig */;
			buildSettings = {
				ALWAYS_EMBED_SWIFT_STANDARD_LIBRARIES = YES;
				CODE_SIGN_STYLE = Automatic;
				DEVELOPMENT_TEAM = M725KCJQA7;
				INFOPLIST_FILE = InstAKUITests/Info.plist;
				LD_RUNPATH_SEARCH_PATHS = (
					"$(inherited)",
					"@executable_path/Frameworks",
					"@loader_path/Frameworks",
				);
				PRODUCT_BUNDLE_IDENTIFIER = com.alon.InstAKUITests;
				PRODUCT_NAME = "$(TARGET_NAME)";
				SWIFT_VERSION = 5.0;
				TARGETED_DEVICE_FAMILY = "1,2";
				TEST_TARGET_NAME = InstAK;
			};
			name = Debug;
		};
		0AB36EC823A284D200FE9CD5 /* Release */ = {
			isa = XCBuildConfiguration;
			baseConfigurationReference = 69E3D12D2D803545AE425DD0 /* Pods-InstAK-InstAKUITests.release.xcconfig */;
			buildSettings = {
				ALWAYS_EMBED_SWIFT_STANDARD_LIBRARIES = YES;
				CODE_SIGN_STYLE = Automatic;
				DEVELOPMENT_TEAM = M725KCJQA7;
				INFOPLIST_FILE = InstAKUITests/Info.plist;
				LD_RUNPATH_SEARCH_PATHS = (
					"$(inherited)",
					"@executable_path/Frameworks",
					"@loader_path/Frameworks",
				);
				PRODUCT_BUNDLE_IDENTIFIER = com.alon.InstAKUITests;
				PRODUCT_NAME = "$(TARGET_NAME)";
				SWIFT_VERSION = 5.0;
				TARGETED_DEVICE_FAMILY = "1,2";
				TEST_TARGET_NAME = InstAK;
			};
			name = Release;
		};
/* End XCBuildConfiguration section */

/* Begin XCConfigurationList section */
		0AB36E9123A284D000FE9CD5 /* Build configuration list for PBXProject "InstAK" */ = {
			isa = XCConfigurationList;
			buildConfigurations = (
				0AB36EBE23A284D200FE9CD5 /* Debug */,
				0AB36EBF23A284D200FE9CD5 /* Release */,
			);
			defaultConfigurationIsVisible = 0;
			defaultConfigurationName = Release;
		};
		0AB36EC023A284D200FE9CD5 /* Build configuration list for PBXNativeTarget "InstAK" */ = {
			isa = XCConfigurationList;
			buildConfigurations = (
				0AB36EC123A284D200FE9CD5 /* Debug */,
				0AB36EC223A284D200FE9CD5 /* Release */,
			);
			defaultConfigurationIsVisible = 0;
			defaultConfigurationName = Release;
		};
		0AB36EC323A284D200FE9CD5 /* Build configuration list for PBXNativeTarget "InstAKTests" */ = {
			isa = XCConfigurationList;
			buildConfigurations = (
				0AB36EC423A284D200FE9CD5 /* Debug */,
				0AB36EC523A284D200FE9CD5 /* Release */,
			);
			defaultConfigurationIsVisible = 0;
			defaultConfigurationName = Release;
		};
		0AB36EC623A284D200FE9CD5 /* Build configuration list for PBXNativeTarget "InstAKUITests" */ = {
			isa = XCConfigurationList;
			buildConfigurations = (
				0AB36EC723A284D200FE9CD5 /* Debug */,
				0AB36EC823A284D200FE9CD5 /* Release */,
			);
			defaultConfigurationIsVisible = 0;
			defaultConfigurationName = Release;
		};
/* End XCConfigurationList section */
	};
	rootObject = 0AB36E8E23A284D000FE9CD5 /* Project object */;
}
